
Microsoft Visual Studio Solution File, Format Version 12.00
# Visual Studio Version 17
VisualStudioVersion = 17.11.35222.181
MinimumVisualStudioVersion = 10.0.40219.1
Project("{FAE04EC0-301F-11D3-BF4B-00C04F79EFBC}") = "CastroMotors.API", "CastroMotors.API\CastroMotors.API.csproj", "{43B2137D-7D9C-4A5F-A9EC-C51D01326AD4}"
EndProject
Global
	GlobalSection(SolutionConfigurationPlatforms) = preSolution
		Debug|Any CPU = Debug|Any CPU
		Release|Any CPU = Release|Any CPU
	EndGlobalSection
	GlobalSection(ProjectConfigurationPlatforms) = postSolution
		{43B2137D-7D9C-4A5F-A9EC-C51D01326AD4}.Debug|Any CPU.ActiveCfg = Debug|Any CPU
		{43B2137D-7D9C-4A5F-A9EC-C51D01326AD4}.Debug|Any CPU.Build.0 = Debug|Any CPU
		{43B2137D-7D9C-4A5F-A9EC-C51D01326AD4}.Release|Any CPU.ActiveCfg = Release|Any CPU
		{43B2137D-7D9C-4A5F-A9EC-C51D01326AD4}.Release|Any CPU.Build.0 = Release|Any CPU
	EndGlobalSection
	GlobalSection(SolutionProperties) = preSolution
		HideSolutionNode = FALSE
	EndGlobalSection
	GlobalSection(ExtensibilityGlobals) = postSolution
		SolutionGuid = {1D18A008-DC29-46DE-B49C-46BE87C16604}
	EndGlobalSection
EndGlobal
